
Microsoft Visual Studio Solution File, Format Version 12.00
# Visual Studio Version 16
VisualStudioVersion = 16.0.30804.86
MinimumVisualStudioVersion = 10.0.40219.1
Project("{9A19103F-16F7-4668-BE54-9A1E7A4F7556}") = "Viajemos.API", "Viajemos.API\Viajemos.API.csproj", "{D11BE810-1515-4852-9C85-C6EEA34242D5}"
EndProject
Project("{9A19103F-16F7-4668-BE54-9A1E7A4F7556}") = "Viajemos.DTO", "Viajemos.DTO\Viajemos.DTO.csproj", "{A55E0E3E-DA75-4EF9-A765-9C7E8DAFF839}"
EndProject
Project("{FAE04EC0-301F-11D3-BF4B-00C04F79EFBC}") = "Viajemos.UI", "Viajemos.UI\Viajemos.UI.csproj", "{77BC6CE2-543A-461D-B062-10586D812514}"
EndProject
Global
	GlobalSection(SolutionConfigurationPlatforms) = preSolution
		Debug|Any CPU = Debug|Any CPU
		Release|Any CPU = Release|Any CPU
	EndGlobalSection
	GlobalSection(ProjectConfigurationPlatforms) = postSolution
		{D11BE810-1515-4852-9C85-C6EEA34242D5}.Debug|Any CPU.ActiveCfg = Debug|Any CPU
		{D11BE810-1515-4852-9C85-C6EEA34242D5}.Debug|Any CPU.Build.0 = Debug|Any CPU
		{D11BE810-1515-4852-9C85-C6EEA34242D5}.Release|Any CPU.ActiveCfg = Release|Any CPU
		{D11BE810-1515-4852-9C85-C6EEA34242D5}.Release|Any CPU.Build.0 = Release|Any CPU
		{A55E0E3E-DA75-4EF9-A765-9C7E8DAFF839}.Debug|Any CPU.ActiveCfg = Debug|Any CPU
		{A55E0E3E-DA75-4EF9-A765-9C7E8DAFF839}.Debug|Any CPU.Build.0 = Debug|Any CPU
		{A55E0E3E-DA75-4EF9-A765-9C7E8DAFF839}.Release|Any CPU.ActiveCfg = Release|Any CPU
		{A55E0E3E-DA75-4EF9-A765-9C7E8DAFF839}.Release|Any CPU.Build.0 = Release|Any CPU
		{77BC6CE2-543A-461D-B062-10586D812514}.Debug|Any CPU.ActiveCfg = Debug|Any CPU
		{77BC6CE2-543A-461D-B062-10586D812514}.Debug|Any CPU.Build.0 = Debug|Any CPU
		{77BC6CE2-543A-461D-B062-10586D812514}.Release|Any CPU.ActiveCfg = Release|Any CPU
		{77BC6CE2-543A-461D-B062-10586D812514}.Release|Any CPU.Build.0 = Release|Any CPU
	EndGlobalSection
	GlobalSection(SolutionProperties) = preSolution
		HideSolutionNode = FALSE
	EndGlobalSection
	GlobalSection(ExtensibilityGlobals) = postSolution
		SolutionGuid = {73E26929-E200-404C-AA80-3D59CEB8F143}
	EndGlobalSection
EndGlobal
